
Microsoft Visual Studio Solution File, Format Version 12.00
# Visual Studio Version 16
VisualStudioVersion = 25.0.1705.6
MinimumVisualStudioVersion = 10.0.40219.1
Project("{FAE04EC0-301F-11D3-BF4B-00C04F79EFBC}") = "BookStore", "BookStore\BookStore.csproj", "{CC57CE4D-F6C6-479C-AECF-DA16C679DED6}"
EndProject
Global
	GlobalSection(SolutionConfigurationPlatforms) = preSolution
		Debug|Any CPU = Debug|Any CPU
		Release|Any CPU = Release|Any CPU
	EndGlobalSection
	GlobalSection(ProjectConfigurationPlatforms) = postSolution
		{CC57CE4D-F6C6-479C-AECF-DA16C679DED6}.Debug|Any CPU.ActiveCfg = Debug|Any CPU
		{CC57CE4D-F6C6-479C-AECF-DA16C679DED6}.Debug|Any CPU.Build.0 = Debug|Any CPU
		{CC57CE4D-F6C6-479C-AECF-DA16C679DED6}.Release|Any CPU.ActiveCfg = Release|Any CPU
		{CC57CE4D-F6C6-479C-AECF-DA16C679DED6}.Release|Any CPU.Build.0 = Release|Any CPU
	EndGlobalSection
	GlobalSection(SolutionProperties) = preSolution
		HideSolutionNode = FALSE
	EndGlobalSection
	GlobalSection(ExtensibilityGlobals) = postSolution
		SolutionGuid = {9905F240-0C0B-4482-AF79-3BCB7A8640C2}
	EndGlobalSection
EndGlobal
